
Microsoft Visual Studio Solution File, Format Version 12.00
# Visual Studio Version 17
VisualStudioVersion = 17.11.35327.3
MinimumVisualStudioVersion = 10.0.40219.1
Project("{9A19103F-16F7-4668-BE54-9A1E7A4F7556}") = "ConsumerAPI", "CosmosDB-Simple-API\ConsumerAPI.csproj", "{8B2EA187-A6D7-4EC5-9E09-0525999CF312}"
EndProject
Project("{FAE04EC0-301F-11D3-BF4B-00C04F79EFBC}") = "ProducerAPI", "ProducerAPI\ProducerAPI.csproj", "{8211DE42-A5DA-43EB-81E2-94748A2007B1}"
EndProject
Global
	GlobalSection(SolutionConfigurationPlatforms) = preSolution
		Debug|Any CPU = Debug|Any CPU
		Release|Any CPU = Release|Any CPU
	EndGlobalSection
	GlobalSection(ProjectConfigurationPlatforms) = postSolution
		{8B2EA187-A6D7-4EC5-9E09-0525999CF312}.Debug|Any CPU.ActiveCfg = Debug|Any CPU
		{8B2EA187-A6D7-4EC5-9E09-0525999CF312}.Debug|Any CPU.Build.0 = Debug|Any CPU
		{8B2EA187-A6D7-4EC5-9E09-0525999CF312}.Release|Any CPU.ActiveCfg = Release|Any CPU
		{8B2EA187-A6D7-4EC5-9E09-0525999CF312}.Release|Any CPU.Build.0 = Release|Any CPU
		{8211DE42-A5DA-43EB-81E2-94748A2007B1}.Debug|Any CPU.ActiveCfg = Debug|Any CPU
		{8211DE42-A5DA-43EB-81E2-94748A2007B1}.Debug|Any CPU.Build.0 = Debug|Any CPU
		{8211DE42-A5DA-43EB-81E2-94748A2007B1}.Release|Any CPU.ActiveCfg = Release|Any CPU
		{8211DE42-A5DA-43EB-81E2-94748A2007B1}.Release|Any CPU.Build.0 = Release|Any CPU
	EndGlobalSection
	GlobalSection(SolutionProperties) = preSolution
		HideSolutionNode = FALSE
	EndGlobalSection
	GlobalSection(ExtensibilityGlobals) = postSolution
		SolutionGuid = {C01803A8-D8F2-4BC6-A080-282D52D381E8}
	EndGlobalSection
EndGlobal
